// !$*UTF8*$!
{
	archiveVersion = 1;
	classes = {
	};
	objectVersion = 46;
	objects = {

/* Begin PBXBuildFile section */
		8BFB8303C23CC085D21CAB5F /* libPods.a in Frameworks */ = {isa = PBXBuildFile; fileRef = 9A67CC043B429DFB3048EC5B /* libPods.a */; };
		E7598A231AE62FF100ABD53B /* main.m in Sources */ = {isa = PBXBuildFile; fileRef = E7598A221AE62FF100ABD53B /* main.m */; };
		E7598A261AE62FF100ABD53B /* AppDelegate.m in Sources */ = {isa = PBXBuildFile; fileRef = E7598A251AE62FF100ABD53B /* AppDelegate.m */; };
		E7598A291AE62FF100ABD53B /* ViewController.m in Sources */ = {isa = PBXBuildFile; fileRef = E7598A281AE62FF100ABD53B /* ViewController.m */; };
		E7598A2C1AE62FF100ABD53B /* Main.storyboard in Resources */ = {isa = PBXBuildFile; fileRef = E7598A2A1AE62FF100ABD53B /* Main.storyboard */; };
		E7598A2E1AE62FF100ABD53B /* Images.xcassets in Resources */ = {isa = PBXBuildFile; fileRef = E7598A2D1AE62FF100ABD53B /* Images.xcassets */; };
		E7598A311AE62FF100ABD53B /* LaunchScreen.xib in Resources */ = {isa = PBXBuildFile; fileRef = E7598A2F1AE62FF100ABD53B /* LaunchScreen.xib */; };
		E7598A3D1AE62FF100ABD53B /* ACPlayerTests.m in Sources */ = {isa = PBXBuildFile; fileRef = E7598A3C1AE62FF100ABD53B /* ACPlayerTests.m */; };
		E75C8B731AED393A00E43F54 /* yt_close.png in Resources */ = {isa = PBXBuildFile; fileRef = E75C8B721AED393A00E43F54 /* yt_close.png */; };
		E75E91631B1B16A5007D6286 /* YoutubeVideoPlayer.m in Sources */ = {isa = PBXBuildFile; fileRef = E75E91621B1B16A5007D6286 /* YoutubeVideoPlayer.m */; };
		E7DF13201AEA05400095C03B /* YouTubeAPIService.m in Sources */ = {isa = PBXBuildFile; fileRef = E7DF13061AEA05400095C03B /* YouTubeAPIService.m */; };
		E7DF13211AEA05400095C03B /* YouTubeVideoModel.m in Sources */ = {isa = PBXBuildFile; fileRef = E7DF13081AEA05400095C03B /* YouTubeVideoModel.m */; };
		E7DF13221AEA05400095C03B /* ACConstraintHelper.m in Sources */ = {isa = PBXBuildFile; fileRef = E7DF130B1AEA05400095C03B /* ACConstraintHelper.m */; };
		E7DF13231AEA05400095C03B /* ACYTControlView.m in Sources */ = {isa = PBXBuildFile; fileRef = E7DF130D1AEA05400095C03B /* ACYTControlView.m */; };
		E7DF13241AEA05400095C03B /* ACYTPlayerView.m in Sources */ = {isa = PBXBuildFile; fileRef = E7DF130F1AEA05400095C03B /* ACYTPlayerView.m */; };
		E7DF13251AEA05400095C03B /* yt_compress.png in Resources */ = {isa = PBXBuildFile; fileRef = E7DF13111AEA05400095C03B /* yt_compress.png */; };
		E7DF13261AEA05400095C03B /* yt_expand.png in Resources */ = {isa = PBXBuildFile; fileRef = E7DF13121AEA05400095C03B /* yt_expand.png */; };
		E7DF13271AEA05400095C03B /* yt_next.png in Resources */ = {isa = PBXBuildFile; fileRef = E7DF13131AEA05400095C03B /* yt_next.png */; };
		E7DF13281AEA05400095C03B /* yt_pause.png in Resources */ = {isa = PBXBuildFile; fileRef = E7DF13141AEA05400095C03B /* yt_pause.png */; };
		E7DF13291AEA05400095C03B /* yt_play.png in Resources */ = {isa = PBXBuildFile; fileRef = E7DF13151AEA05400095C03B /* yt_play.png */; };
		E7DF132A1AEA05400095C03B /* yt_previous.png in Resources */ = {isa = PBXBuildFile; fileRef = E7DF13161AEA05400095C03B /* yt_previous.png */; };
		E7DF132B1AEA05400095C03B /* YTPlayerView-iframe-player.html in Resources */ = {isa = PBXBuildFile; fileRef = E7DF13191AEA05400095C03B /* YTPlayerView-iframe-player.html */; };
		E7DF132C1AEA05400095C03B /* YTPlayerView.m in Sources */ = {isa = PBXBuildFile; fileRef = E7DF131C1AEA05400095C03B /* YTPlayerView.m */; };
		E7DF132D1AEA05400095C03B /* YouTubeListTableCell.m in Sources */ = {isa = PBXBuildFile; fileRef = E7DF131F1AEA05400095C03B /* YouTubeListTableCell.m */; };
		E7DF13341AEA3D210095C03B /* yt_hd_off.png in Resources */ = {isa = PBXBuildFile; fileRef = E7DF13321AEA3D210095C03B /* yt_hd_off.png */; };
		E7DF13351AEA3D210095C03B /* yt_hd_on.png in Resources */ = {isa = PBXBuildFile; fileRef = E7DF13331AEA3D210095C03B /* yt_hd_on.png */; };
/* End PBXBuildFile section */

/* Begin PBXContainerItemProxy section */
		E7598A371AE62FF100ABD53B /* PBXContainerItemProxy */ = {
			isa = PBXContainerItemProxy;
			containerPortal = E7598A151AE62FF100ABD53B /* Project object */;
			proxyType = 1;
			remoteGlobalIDString = E7598A1C1AE62FF100ABD53B;
			remoteInfo = ACPlayer;
		};
/* End PBXContainerItemProxy section */

/* Begin PBXFileReference section */
		7E797E33B266B2B5FC2478DF /* Pods.release.xcconfig */ = {isa = PBXFileReference; includeInIndex = 1; lastKnownFileType = text.xcconfig; name = Pods.release.xcconfig; path = "Pods/Target Support Files/Pods/Pods.release.xcconfig"; sourceTree = "<group>"; };
		9A67CC043B429DFB3048EC5B /* libPods.a */ = {isa = PBXFileReference; explicitFileType = archive.ar; includeInIndex = 0; path = libPods.a; sourceTree = BUILT_PRODUCTS_DIR; };
		C2C5ED6438DD506C446E702A /* Pods.debug.xcconfig */ = {isa = PBXFileReference; includeInIndex = 1; lastKnownFileType = text.xcconfig; name = Pods.debug.xcconfig; path = "Pods/Target Support Files/Pods/Pods.debug.xcconfig"; sourceTree = "<group>"; };
		E7598A1D1AE62FF100ABD53B /* ACPlayer.app */ = {isa = PBXFileReference; explicitFileType = wrapper.application; includeInIndex = 0; path = ACPlayer.app; sourceTree = BUILT_PRODUCTS_DIR; };
		E7598A211AE62FF100ABD53B /* Info.plist */ = {isa = PBXFileReference; lastKnownFileType = text.plist.xml; path = Info.plist; sourceTree = "<group>"; };
		E7598A221AE62FF100ABD53B /* main.m */ = {isa = PBXFileReference; lastKnownFileType = sourcecode.c.objc; path = main.m; sourceTree = "<group>"; };
		E7598A241AE62FF100ABD53B /* AppDelegate.h */ = {isa = PBXFileReference; lastKnownFileType = sourcecode.c.h; path = AppDelegate.h; sourceTree = "<group>"; };
		E7598A251AE62FF100ABD53B /* AppDelegate.m */ = {isa = PBXFileReference; lastKnownFileType = sourcecode.c.objc; path = AppDelegate.m; sourceTree = "<group>"; };
		E7598A271AE62FF100ABD53B /* ViewController.h */ = {isa = PBXFileReference; lastKnownFileType = sourcecode.c.h; path = ViewController.h; sourceTree = "<group>"; };
		E7598A281AE62FF100ABD53B /* ViewController.m */ = {isa = PBXFileReference; lastKnownFileType = sourcecode.c.objc; path = ViewController.m; sourceTree = "<group>"; };
		E7598A2B1AE62FF100ABD53B /* Base */ = {isa = PBXFileReference; lastKnownFileType = file.storyboard; name = Base; path = Base.lproj/Main.storyboard; sourceTree = "<group>"; };
		E7598A2D1AE62FF100ABD53B /* Images.xcassets */ = {isa = PBXFileReference; lastKnownFileType = folder.assetcatalog; path = Images.xcassets; sourceTree = "<group>"; };
		E7598A301AE62FF100ABD53B /* Base */ = {isa = PBXFileReference; lastKnownFileType = file.xib; name = Base; path = Base.lproj/LaunchScreen.xib; sourceTree = "<group>"; };
		E7598A361AE62FF100ABD53B /* ACPlayerTests.xctest */ = {isa = PBXFileReference; explicitFileType = wrapper.cfbundle; includeInIndex = 0; path = ACPlayerTests.xctest; sourceTree = BUILT_PRODUCTS_DIR; };
		E7598A3B1AE62FF100ABD53B /* Info.plist */ = {isa = PBXFileReference; lastKnownFileType = text.plist.xml; path = Info.plist; sourceTree = "<group>"; };
		E7598A3C1AE62FF100ABD53B /* ACPlayerTests.m */ = {isa = PBXFileReference; lastKnownFileType = sourcecode.c.objc; path = ACPlayerTests.m; sourceTree = "<group>"; };
		E75C8B721AED393A00E43F54 /* yt_close.png */ = {isa = PBXFileReference; lastKnownFileType = image.png; path = yt_close.png; sourceTree = "<group>"; };
		E75E91611B1B16A5007D6286 /* YoutubeVideoPlayer.h */ = {isa = PBXFileReference; fileEncoding = 4; lastKnownFileType = sourcecode.c.h; path = YoutubeVideoPlayer.h; sourceTree = "<group>"; };
		E75E91621B1B16A5007D6286 /* YoutubeVideoPlayer.m */ = {isa = PBXFileReference; fileEncoding = 4; lastKnownFileType = sourcecode.c.objc; path = YoutubeVideoPlayer.m; sourceTree = "<group>"; };
		E7DF13051AEA05400095C03B /* YouTubeAPIService.h */ = {isa = PBXFileReference; fileEncoding = 4; lastKnownFileType = sourcecode.c.h; path = YouTubeAPIService.h; sourceTree = "<group>"; };
		E7DF13061AEA05400095C03B /* YouTubeAPIService.m */ = {isa = PBXFileReference; fileEncoding = 4; lastKnownFileType = sourcecode.c.objc; path = YouTubeAPIService.m; sourceTree = "<group>"; };
		E7DF13071AEA05400095C03B /* YouTubeVideoModel.h */ = {isa = PBXFileReference; fileEncoding = 4; lastKnownFileType = sourcecode.c.h; path = YouTubeVideoModel.h; sourceTree = "<group>"; };
		E7DF13081AEA05400095C03B /* YouTubeVideoModel.m */ = {isa = PBXFileReference; fileEncoding = 4; lastKnownFileType = sourcecode.c.objc; path = YouTubeVideoModel.m; sourceTree = "<group>"; };
		E7DF130A1AEA05400095C03B /* ACConstraintHelper.h */ = {isa = PBXFileReference; fileEncoding = 4; lastKnownFileType = sourcecode.c.h; path = ACConstraintHelper.h; sourceTree = "<group>"; };
		E7DF130B1AEA05400095C03B /* ACConstraintHelper.m */ = {isa = PBXFileReference; fileEncoding = 4; lastKnownFileType = sourcecode.c.objc; path = ACConstraintHelper.m; sourceTree = "<group>"; };
		E7DF130C1AEA05400095C03B /* ACYTControlView.h */ = {isa = PBXFileReference; fileEncoding = 4; lastKnownFileType = sourcecode.c.h; path = ACYTControlView.h; sourceTree = "<group>"; };
		E7DF130D1AEA05400095C03B /* ACYTControlView.m */ = {isa = PBXFileReference; fileEncoding = 4; lastKnownFileType = sourcecode.c.objc; path = ACYTControlView.m; sourceTree = "<group>"; };
		E7DF130E1AEA05400095C03B /* ACYTPlayerView.h */ = {isa = PBXFileReference; fileEncoding = 4; lastKnownFileType = sourcecode.c.h; path = ACYTPlayerView.h; sourceTree = "<group>"; };
		E7DF130F1AEA05400095C03B /* ACYTPlayerView.m */ = {isa = PBXFileReference; fileEncoding = 4; lastKnownFileType = sourcecode.c.objc; path = ACYTPlayerView.m; sourceTree = "<group>"; };
		E7DF13111AEA05400095C03B /* yt_compress.png */ = {isa = PBXFileReference; lastKnownFileType = image.png; path = yt_compress.png; sourceTree = "<group>"; };
		E7DF13121AEA05400095C03B /* yt_expand.png */ = {isa = PBXFileReference; lastKnownFileType = image.png; path = yt_expand.png; sourceTree = "<group>"; };
		E7DF13131AEA05400095C03B /* yt_next.png */ = {isa = PBXFileReference; lastKnownFileType = image.png; path = yt_next.png; sourceTree = "<group>"; };
		E7DF13141AEA05400095C03B /* yt_pause.png */ = {isa = PBXFileReference; lastKnownFileType = image.png; path = yt_pause.png; sourceTree = "<group>"; };
		E7DF13151AEA05400095C03B /* yt_play.png */ = {isa = PBXFileReference; lastKnownFileType = image.png; path = yt_play.png; sourceTree = "<group>"; };
		E7DF13161AEA05400095C03B /* yt_previous.png */ = {isa = PBXFileReference; lastKnownFileType = image.png; path = yt_previous.png; sourceTree = "<group>"; };
		E7DF13191AEA05400095C03B /* YTPlayerView-iframe-player.html */ = {isa = PBXFileReference; fileEncoding = 4; lastKnownFileType = text.html; path = "YTPlayerView-iframe-player.html"; sourceTree = "<group>"; };
		E7DF131B1AEA05400095C03B /* YTPlayerView.h */ = {isa = PBXFileReference; fileEncoding = 4; lastKnownFileType = sourcecode.c.h; path = YTPlayerView.h; sourceTree = "<group>"; };
		E7DF131C1AEA05400095C03B /* YTPlayerView.m */ = {isa = PBXFileReference; fileEncoding = 4; lastKnownFileType = sourcecode.c.objc; path = YTPlayerView.m; sourceTree = "<group>"; };
		E7DF131E1AEA05400095C03B /* YouTubeListTableCell.h */ = {isa = PBXFileReference; fileEncoding = 4; lastKnownFileType = sourcecode.c.h; path = YouTubeListTableCell.h; sourceTree = "<group>"; };
		E7DF131F1AEA05400095C03B /* YouTubeListTableCell.m */ = {isa = PBXFileReference; fileEncoding = 4; lastKnownFileType = sourcecode.c.objc; path = YouTubeListTableCell.m; sourceTree = "<group>"; };
		E7DF13321AEA3D210095C03B /* yt_hd_off.png */ = {isa = PBXFileReference; lastKnownFileType = image.png; path = yt_hd_off.png; sourceTree = "<group>"; };
		E7DF13331AEA3D210095C03B /* yt_hd_on.png */ = {isa = PBXFileReference; lastKnownFileType = image.png; path = yt_hd_on.png; sourceTree = "<group>"; };
/* End PBXFileReference section */

/* Begin PBXFrameworksBuildPhase section */
		E7598A1A1AE62FF100ABD53B /* Frameworks */ = {
			isa = PBXFrameworksBuildPhase;
			buildActionMask = 2147483647;
			files = (
				8BFB8303C23CC085D21CAB5F /* libPods.a in Frameworks */,
			);
			runOnlyForDeploymentPostprocessing = 0;
		};
		E7598A331AE62FF100ABD53B /* Frameworks */ = {
			isa = PBXFrameworksBuildPhase;
			buildActionMask = 2147483647;
			files = (
			);
			runOnlyForDeploymentPostprocessing = 0;
		};
/* End PBXFrameworksBuildPhase section */

/* Begin PBXGroup section */
		28DCBA129406FBF297A5CCAA /* Frameworks */ = {
			isa = PBXGroup;
			children = (
				9A67CC043B429DFB3048EC5B /* libPods.a */,
			);
			name = Frameworks;
			sourceTree = "<group>";
		};
		3E94BC5FA7CA2021A86F8960 /* Pods */ = {
			isa = PBXGroup;
			children = (
				C2C5ED6438DD506C446E702A /* Pods.debug.xcconfig */,
				7E797E33B266B2B5FC2478DF /* Pods.release.xcconfig */,
			);
			name = Pods;
			sourceTree = "<group>";
		};
		E7598A141AE62FF100ABD53B = {
			isa = PBXGroup;
			children = (
				E7598A1F1AE62FF100ABD53B /* ACPlayer */,
				E7598A391AE62FF100ABD53B /* ACPlayerTests */,
				E7598A1E1AE62FF100ABD53B /* Products */,
				3E94BC5FA7CA2021A86F8960 /* Pods */,
				28DCBA129406FBF297A5CCAA /* Frameworks */,
			);
			sourceTree = "<group>";
		};
		E7598A1E1AE62FF100ABD53B /* Products */ = {
			isa = PBXGroup;
			children = (
				E7598A1D1AE62FF100ABD53B /* ACPlayer.app */,
				E7598A361AE62FF100ABD53B /* ACPlayerTests.xctest */,
			);
			name = Products;
			sourceTree = "<group>";
		};
		E7598A1F1AE62FF100ABD53B /* ACPlayer */ = {
			isa = PBXGroup;
			children = (
				E7DF13031AEA05400095C03B /* ACYoutube */,
				E7598A241AE62FF100ABD53B /* AppDelegate.h */,
				E7598A251AE62FF100ABD53B /* AppDelegate.m */,
				E7598A271AE62FF100ABD53B /* ViewController.h */,
				E7598A281AE62FF100ABD53B /* ViewController.m */,
				E7598A2A1AE62FF100ABD53B /* Main.storyboard */,
				E7598A2D1AE62FF100ABD53B /* Images.xcassets */,
				E7598A2F1AE62FF100ABD53B /* LaunchScreen.xib */,
				E7598A201AE62FF100ABD53B /* Supporting Files */,
			);
			path = ACPlayer;
			sourceTree = "<group>";
		};
		E7598A201AE62FF100ABD53B /* Supporting Files */ = {
			isa = PBXGroup;
			children = (
				E7598A211AE62FF100ABD53B /* Info.plist */,
				E7598A221AE62FF100ABD53B /* main.m */,
			);
			name = "Supporting Files";
			sourceTree = "<group>";
		};
		E7598A391AE62FF100ABD53B /* ACPlayerTests */ = {
			isa = PBXGroup;
			children = (
				E7598A3C1AE62FF100ABD53B /* ACPlayerTests.m */,
				E7598A3A1AE62FF100ABD53B /* Supporting Files */,
			);
			path = ACPlayerTests;
			sourceTree = "<group>";
		};
		E7598A3A1AE62FF100ABD53B /* Supporting Files */ = {
			isa = PBXGroup;
			children = (
				E7598A3B1AE62FF100ABD53B /* Info.plist */,
			);
			name = "Supporting Files";
			sourceTree = "<group>";
		};
		E7DF13031AEA05400095C03B /* ACYoutube */ = {
			isa = PBXGroup;
			children = (
				E7DF13041AEA05400095C03B /* API */,
				E7DF13091AEA05400095C03B /* Player */,
				E7DF131D1AEA05400095C03B /* View */,
			);
			path = ACYoutube;
			sourceTree = "<group>";
		};
		E7DF13041AEA05400095C03B /* API */ = {
			isa = PBXGroup;
			children = (
				E7DF13051AEA05400095C03B /* YouTubeAPIService.h */,
				E7DF13061AEA05400095C03B /* YouTubeAPIService.m */,
				E7DF13071AEA05400095C03B /* YouTubeVideoModel.h */,
				E7DF13081AEA05400095C03B /* YouTubeVideoModel.m */,
			);
			path = API;
			sourceTree = "<group>";
		};
		E7DF13091AEA05400095C03B /* Player */ = {
			isa = PBXGroup;
			children = (
				E7DF130A1AEA05400095C03B /* ACConstraintHelper.h */,
				E7DF130B1AEA05400095C03B /* ACConstraintHelper.m */,
				E7DF130C1AEA05400095C03B /* ACYTControlView.h */,
				E7DF130D1AEA05400095C03B /* ACYTControlView.m */,
				E7DF130E1AEA05400095C03B /* ACYTPlayerView.h */,
				E7DF130F1AEA05400095C03B /* ACYTPlayerView.m */,
				E7DF13101AEA05400095C03B /* Asset */,
				E7DF13171AEA05400095C03B /* Youtube */,
			);
			path = Player;
			sourceTree = "<group>";
		};
		E7DF13101AEA05400095C03B /* Asset */ = {
			isa = PBXGroup;
			children = (
				E75C8B721AED393A00E43F54 /* yt_close.png */,
				E7DF13321AEA3D210095C03B /* yt_hd_off.png */,
				E7DF13331AEA3D210095C03B /* yt_hd_on.png */,
				E7DF13111AEA05400095C03B /* yt_compress.png */,
				E7DF13121AEA05400095C03B /* yt_expand.png */,
				E7DF13131AEA05400095C03B /* yt_next.png */,
				E7DF13141AEA05400095C03B /* yt_pause.png */,
				E7DF13151AEA05400095C03B /* yt_play.png */,
				E7DF13161AEA05400095C03B /* yt_previous.png */,
			);
			path = Asset;
			sourceTree = "<group>";
		};
		E7DF13171AEA05400095C03B /* Youtube */ = {
			isa = PBXGroup;
			children = (
				E7DF13181AEA05400095C03B /* Assets */,
				E7DF131A1AEA05400095C03B /* Classes */,
			);
			path = Youtube;
			sourceTree = "<group>";
		};
		E7DF13181AEA05400095C03B /* Assets */ = {
			isa = PBXGroup;
			children = (
				E7DF13191AEA05400095C03B /* YTPlayerView-iframe-player.html */,
			);
			path = Assets;
			sourceTree = "<group>";
		};
		E7DF131A1AEA05400095C03B /* Classes */ = {
			isa = PBXGroup;
			children = (
				E7DF131B1AEA05400095C03B /* YTPlayerView.h */,
				E7DF131C1AEA05400095C03B /* YTPlayerView.m */,
			);
			path = Classes;
			sourceTree = "<group>";
		};
		E7DF131D1AEA05400095C03B /* View */ = {
			isa = PBXGroup;
			children = (
				E7DF131E1AEA05400095C03B /* YouTubeListTableCell.h */,
				E7DF131F1AEA05400095C03B /* YouTubeListTableCell.m */,
				E75E91611B1B16A5007D6286 /* YoutubeVideoPlayer.h */,
				E75E91621B1B16A5007D6286 /* YoutubeVideoPlayer.m */,
			);
			path = View;
			sourceTree = "<group>";
		};
/* End PBXGroup section */

/* Begin PBXNativeTarget section */
		E7598A1C1AE62FF100ABD53B /* ACPlayer */ = {
			isa = PBXNativeTarget;
			buildConfigurationList = E7598A401AE62FF100ABD53B /* Build configuration list for PBXNativeTarget "ACPlayer" */;
			buildPhases = (
				2E1EFA60576D95FEE26B1691 /* Check Pods Manifest.lock */,
				E7598A191AE62FF100ABD53B /* Sources */,
				E7598A1A1AE62FF100ABD53B /* Frameworks */,
				E7598A1B1AE62FF100ABD53B /* Resources */,
				F1DA2D0CA24A3420FC7C3497 /* Copy Pods Resources */,
			);
			buildRules = (
			);
			dependencies = (
			);
			name = ACPlayer;
			productName = ACPlayer;
			productReference = E7598A1D1AE62FF100ABD53B /* ACPlayer.app */;
			productType = "com.apple.product-type.application";
		};
		E7598A351AE62FF100ABD53B /* ACPlayerTests */ = {
			isa = PBXNativeTarget;
			buildConfigurationList = E7598A431AE62FF100ABD53B /* Build configuration list for PBXNativeTarget "ACPlayerTests" */;
			buildPhases = (
				E7598A321AE62FF100ABD53B /* Sources */,
				E7598A331AE62FF100ABD53B /* Frameworks */,
				E7598A341AE62FF100ABD53B /* Resources */,
			);
			buildRules = (
			);
			dependencies = (
				E7598A381AE62FF100ABD53B /* PBXTargetDependency */,
			);
			name = ACPlayerTests;
			productName = ACPlayerTests;
			productReference = E7598A361AE62FF100ABD53B /* ACPlayerTests.xctest */;
			productType = "com.apple.product-type.bundle.unit-test";
		};
/* End PBXNativeTarget section */

/* Begin PBXProject section */
		E7598A151AE62FF100ABD53B /* Project object */ = {
			isa = PBXProject;
			attributes = {
				LastUpgradeCheck = 0630;
				ORGANIZATIONNAME = alan;
				TargetAttributes = {
					E7598A1C1AE62FF100ABD53B = {
						CreatedOnToolsVersion = 6.3;
					};
					E7598A351AE62FF100ABD53B = {
						CreatedOnToolsVersion = 6.3;
						TestTargetID = E7598A1C1AE62FF100ABD53B;
					};
				};
			};
			buildConfigurationList = E7598A181AE62FF100ABD53B /* Build configuration list for PBXProject "ACPlayer" */;
			compatibilityVersion = "Xcode 3.2";
			developmentRegion = English;
			hasScannedForEncodings = 0;
			knownRegions = (
				en,
				Base,
			);
			mainGroup = E7598A141AE62FF100ABD53B;
			productRefGroup = E7598A1E1AE62FF100ABD53B /* Products */;
			projectDirPath = "";
			projectRoot = "";
			targets = (
				E7598A1C1AE62FF100ABD53B /* ACPlayer */,
				E7598A351AE62FF100ABD53B /* ACPlayerTests */,
			);
		};
/* End PBXProject section */

/* Begin PBXResourcesBuildPhase section */
		E7598A1B1AE62FF100ABD53B /* Resources */ = {
			isa = PBXResourcesBuildPhase;
			buildActionMask = 2147483647;
			files = (
				E7DF132A1AEA05400095C03B /* yt_previous.png in Resources */,
				E7DF13291AEA05400095C03B /* yt_play.png in Resources */,
				E7DF13281AEA05400095C03B /* yt_pause.png in Resources */,
				E7598A2C1AE62FF100ABD53B /* Main.storyboard in Resources */,
				E7DF132B1AEA05400095C03B /* YTPlayerView-iframe-player.html in Resources */,
				E7DF13341AEA3D210095C03B /* yt_hd_off.png in Resources */,
				E7598A311AE62FF100ABD53B /* LaunchScreen.xib in Resources */,
				E7DF13351AEA3D210095C03B /* yt_hd_on.png in Resources */,
				E75C8B731AED393A00E43F54 /* yt_close.png in Resources */,
				E7DF13251AEA05400095C03B /* yt_compress.png in Resources */,
				E7DF13261AEA05400095C03B /* yt_expand.png in Resources */,
				E7598A2E1AE62FF100ABD53B /* Images.xcassets in Resources */,
				E7DF13271AEA05400095C03B /* yt_next.png in Resources */,
			);
			runOnlyForDeploymentPostprocessing = 0;
		};
		E7598A341AE62FF100ABD53B /* Resources */ = {
			isa = PBXResourcesBuildPhase;
			buildActionMask = 2147483647;
			files = (
			);
			runOnlyForDeploymentPostprocessing = 0;
		};
/* End PBXResourcesBuildPhase section */

/* Begin PBXShellScriptBuildPhase section */
		2E1EFA60576D95FEE26B1691 /* Check Pods Manifest.lock */ = {
			isa = PBXShellScriptBuildPhase;
			buildActionMask = 2147483647;
			files = (
			);
			inputPaths = (
			);
			name = "Check Pods Manifest.lock";
			outputPaths = (
			);
			runOnlyForDeploymentPostprocessing = 0;
			shellPath = /bin/sh;
			shellScript = "diff \"${PODS_ROOT}/../Podfile.lock\" \"${PODS_ROOT}/Manifest.lock\" > /dev/null\nif [[ $? != 0 ]] ; then\n    cat << EOM\nerror: The sandbox is not in sync with the Podfile.lock. Run 'pod install' or update your CocoaPods installation.\nEOM\n    exit 1\nfi\n";
			showEnvVarsInLog = 0;
		};
		F1DA2D0CA24A3420FC7C3497 /* Copy Pods Resources */ = {
			isa = PBXShellScriptBuildPhase;
			buildActionMask = 2147483647;
			files = (
			);
			inputPaths = (
			);
			name = "Copy Pods Resources";
			outputPaths = (
			);
			runOnlyForDeploymentPostprocessing = 0;
			shellPath = /bin/sh;
			shellScript = "\"${SRCROOT}/Pods/Target Support Files/Pods/Pods-resources.sh\"\n";
			showEnvVarsInLog = 0;
		};
/* End PBXShellScriptBuildPhase section */

/* Begin PBXSourcesBuildPhase section */
		E7598A191AE62FF100ABD53B /* Sources */ = {
			isa = PBXSourcesBuildPhase;
			buildActionMask = 2147483647;
			files = (
				E7598A291AE62FF100ABD53B /* ViewController.m in Sources */,
				E7598A261AE62FF100ABD53B /* AppDelegate.m in Sources */,
				E7DF132C1AEA05400095C03B /* YTPlayerView.m in Sources */,
				E7DF13211AEA05400095C03B /* YouTubeVideoModel.m in Sources */,
				E75E91631B1B16A5007D6286 /* YoutubeVideoPlayer.m in Sources */,
				E7DF13231AEA05400095C03B /* ACYTControlView.m in Sources */,
				E7DF13241AEA05400095C03B /* ACYTPlayerView.m in Sources */,
				E7DF13201AEA05400095C03B /* YouTubeAPIService.m in Sources */,
				E7DF13221AEA05400095C03B /* ACConstraintHelper.m in Sources */,
				E7DF132D1AEA05400095C03B /* YouTubeListTableCell.m in Sources */,
				E7598A231AE62FF100ABD53B /* main.m in Sources */,
			);
			runOnlyForDeploymentPostprocessing = 0;
		};
		E7598A321AE62FF100ABD53B /* Sources */ = {
			isa = PBXSourcesBuildPhase;
			buildActionMask = 2147483647;
			files = (
				E7598A3D1AE62FF100ABD53B /* ACPlayerTests.m in Sources */,
			);
			runOnlyForDeploymentPostprocessing = 0;
		};
/* End PBXSourcesBuildPhase section */

/* Begin PBXTargetDependency section */
		E7598A381AE62FF100ABD53B /* PBXTargetDependency */ = {
			isa = PBXTargetDependency;
			target = E7598A1C1AE62FF100ABD53B /* ACPlayer */;
			targetProxy = E7598A371AE62FF100ABD53B /* PBXContainerItemProxy */;
		};
/* End PBXTargetDependency section */

/* Begin PBXVariantGroup section */
		E7598A2A1AE62FF100ABD53B /* Main.storyboard */ = {
			isa = PBXVariantGroup;
			children = (
				E7598A2B1AE62FF100ABD53B /* Base */,
			);
			name = Main.storyboard;
			sourceTree = "<group>";
		};
		E7598A2F1AE62FF100ABD53B /* LaunchScreen.xib */ = {
			isa = PBXVariantGroup;
			children = (
				E7598A301AE62FF100ABD53B /* Base */,
			);
			name = LaunchScreen.xib;
			sourceTree = "<group>";
		};
/* End PBXVariantGroup section */

/* Begin XCBuildConfiguration section */
		E7598A3E1AE62FF100ABD53B /* Debug */ = {
			isa = XCBuildConfiguration;
			buildSettings = {
				ALWAYS_SEARCH_USER_PATHS = NO;
				CLANG_CXX_LANGUAGE_STANDARD = "gnu++0x";
				CLANG_CXX_LIBRARY = "libc++";
				CLANG_ENABLE_MODULES = YES;
				CLANG_ENABLE_OBJC_ARC = YES;
				CLANG_WARN_BOOL_CONVERSION = YES;
				CLANG_WARN_CONSTANT_CONVERSION = YES;
				CLANG_WARN_DIRECT_OBJC_ISA_USAGE = YES_ERROR;
				CLANG_WARN_EMPTY_BODY = YES;
				CLANG_WARN_ENUM_CONVERSION = YES;
				CLANG_WARN_INT_CONVERSION = YES;
				CLANG_WARN_OBJC_ROOT_CLASS = YES_ERROR;
				CLANG_WARN_UNREACHABLE_CODE = YES;
				CLANG_WARN__DUPLICATE_METHOD_MATCH = YES;
				"CODE_SIGN_IDENTITY[sdk=iphoneos*]" = "iPhone Developer";
				COPY_PHASE_STRIP = NO;
				DEBUG_INFORMATION_FORMAT = "dwarf-with-dsym";
				ENABLE_STRICT_OBJC_MSGSEND = YES;
				GCC_C_LANGUAGE_STANDARD = gnu99;
				GCC_DYNAMIC_NO_PIC = NO;
				GCC_NO_COMMON_BLOCKS = YES;
				GCC_OPTIMIZATION_LEVEL = 0;
				GCC_PREPROCESSOR_DEFINITIONS = (
					"DEBUG=1",
					"$(inherited)",
				);
				GCC_SYMBOLS_PRIVATE_EXTERN = NO;
				GCC_WARN_64_TO_32_BIT_CONVERSION = YES;
				GCC_WARN_ABOUT_RETURN_TYPE = YES_ERROR;
				GCC_WARN_UNDECLARED_SELECTOR = YES;
				GCC_WARN_UNINITIALIZED_AUTOS = YES_AGGRESSIVE;
				GCC_WARN_UNUSED_FUNCTION = YES;
				GCC_WARN_UNUSED_VARIABLE = YES;
				IPHONEOS_DEPLOYMENT_TARGET = 8.3;
				MTL_ENABLE_DEBUG_INFO = YES;
				ONLY_ACTIVE_ARCH = YES;
				SDKROOT = iphoneos;
				TARGETED_DEVICE_FAMILY = "1,2";
			};
			name = Debug;
		};
		E7598A3F1AE62FF100ABD53B /* Release */ = {
			isa = XCBuildConfiguration;
			buildSettings = {
				ALWAYS_SEARCH_USER_PATHS = NO;
				CLANG_CXX_LANGUAGE_STANDARD = "gnu++0x";
				CLANG_CXX_LIBRARY = "libc++";
				CLANG_ENABLE_MODULES = YES;
				CLANG_ENABLE_OBJC_ARC = YES;
				CLANG_WARN_BOOL_CONVERSION = YES;
				CLANG_WARN_CONSTANT_CONVERSION = YES;
				CLANG_WARN_DIRECT_OBJC_ISA_USAGE = YES_ERROR;
				CLANG_WARN_EMPTY_BODY = YES;
				CLANG_WARN_ENUM_CONVERSION = YES;
				CLANG_WARN_INT_CONVERSION = YES;
				CLANG_WARN_OBJC_ROOT_CLASS = YES_ERROR;
				CLANG_WARN_UNREACHABLE_CODE = YES;
				CLANG_WARN__DUPLICATE_METHOD_MATCH = YES;
				"CODE_SIGN_IDENTITY[sdk=iphoneos*]" = "iPhone Developer";
				COPY_PHASE_STRIP = NO;
				DEBUG_INFORMATION_FORMAT = "dwarf-with-dsym";
				ENABLE_NS_ASSERTIONS = NO;
				ENABLE_STRICT_OBJC_MSGSEND = YES;
				GCC_C_LANGUAGE_STANDARD = gnu99;
				GCC_NO_COMMON_BLOCKS = YES;
				GCC_WARN_64_TO_32_BIT_CONVERSION = YES;
				GCC_WARN_ABOUT_RETURN_TYPE = YES_ERROR;
				GCC_WARN_UNDECLARED_SELECTOR = YES;
				GCC_WARN_UNINITIALIZED_AUTOS = YES_AGGRESSIVE;
				GCC_WARN_UNUSED_FUNCTION = YES;
				GCC_WARN_UNUSED_VARIABLE = YES;
				IPHONEOS_DEPLOYMENT_TARGET = 8.3;
				MTL_ENABLE_DEBUG_INFO = NO;
				SDKROOT = iphoneos;
				TARGETED_DEVICE_FAMILY = "1,2";
				VALIDATE_PRODUCT = YES;
			};
			name = Release;
		};
		E7598A411AE62FF100ABD53B /* Debug */ = {
			isa = XCBuildConfiguration;
			baseConfigurationReference = C2C5ED6438DD506C446E702A /* Pods.debug.xcconfig */;
			buildSettings = {
				ASSETCATALOG_COMPILER_APPICON_NAME = AppIcon;
				INFOPLIST_FILE = ACPlayer/Info.plist;
				IPHONEOS_DEPLOYMENT_TARGET = 6.1;
				LD_RUNPATH_SEARCH_PATHS = "$(inherited) @executable_path/Frameworks";
				PRODUCT_NAME = "$(TARGET_NAME)";
			};
			name = Debug;
		};
		E7598A421AE62FF100ABD53B /* Release */ = {
			isa = XCBuildConfiguration;
			baseConfigurationReference = 7E797E33B266B2B5FC2478DF /* Pods.release.xcconfig */;
			buildSettings = {
				ASSETCATALOG_COMPILER_APPICON_NAME = AppIcon;
				INFOPLIST_FILE = ACPlayer/Info.plist;
				IPHONEOS_DEPLOYMENT_TARGET = 6.1;
				LD_RUNPATH_SEARCH_PATHS = "$(inherited) @executable_path/Frameworks";
				PRODUCT_NAME = "$(TARGET_NAME)";
			};
			name = Release;
		};
		E7598A441AE62FF100ABD53B /* Debug */ = {
			isa = XCBuildConfiguration;
			buildSettings = {
				BUNDLE_LOADER = "$(TEST_HOST)";
				FRAMEWORK_SEARCH_PATHS = (
					"$(SDKROOT)/Developer/Library/Frameworks",
					"$(inherited)",
				);
				GCC_PREPROCESSOR_DEFINITIONS = (
					"DEBUG=1",
					"$(inherited)",
				);
				INFOPLIST_FILE = ACPlayerTests/Info.plist;
				IPHONEOS_DEPLOYMENT_TARGET = 6.1;
				LD_RUNPATH_SEARCH_PATHS = "$(inherited) @executable_path/Frameworks @loader_path/Frameworks";
				PRODUCT_NAME = "$(TARGET_NAME)";
				TEST_HOST = "$(BUILT_PRODUCTS_DIR)/ACPlayer.app/ACPlayer";
			};
			name = Debug;
		};
		E7598A451AE62FF100ABD53B /* Release */ = {
			isa = XCBuildConfiguration;
			buildSettings = {
				BUNDLE_LOADER = "$(TEST_HOST)";
				FRAMEWORK_SEARCH_PATHS = (
					"$(SDKROOT)/Developer/Library/Frameworks",
					"$(inherited)",
				);
				INFOPLIST_FILE = ACPlayerTests/Info.plist;
				IPHONEOS_DEPLOYMENT_TARGET = 6.1;
				LD_RUNPATH_SEARCH_PATHS = "$(inherited) @executable_path/Frameworks @loader_path/Frameworks";
				PRODUCT_NAME = "$(TARGET_NAME)";
				TEST_HOST = "$(BUILT_PRODUCTS_DIR)/ACPlayer.app/ACPlayer";
			};
			name = Release;
		};
/* End XCBuildConfiguration section */

/* Begin XCConfigurationList section */
		E7598A181AE62FF100ABD53B /* Build configuration list for PBXProject "ACPlayer" */ = {
			isa = XCConfigurationList;
			buildConfigurations = (
				E7598A3E1AE62FF100ABD53B /* Debug */,
				E7598A3F1AE62FF100ABD53B /* Release */,
			);
			defaultConfigurationIsVisible = 0;
			defaultConfigurationName = Release;
		};
		E7598A401AE62FF100ABD53B /* Build configuration list for PBXNativeTarget "ACPlayer" */ = {
			isa = XCConfigurationList;
			buildConfigurations = (
				E7598A411AE62FF100ABD53B /* Debug */,
				E7598A421AE62FF100ABD53B /* Release */,
			);
			defaultConfigurationIsVisible = 0;
			defaultConfigurationName = Release;
		};
		E7598A431AE62FF100ABD53B /* Build configuration list for PBXNativeTarget "ACPlayerTests" */ = {
			isa = XCConfigurationList;
			buildConfigurations = (
				E7598A441AE62FF100ABD53B /* Debug */,
				E7598A451AE62FF100ABD53B /* Release */,
			);
			defaultConfigurationIsVisible = 0;
			defaultConfigurationName = Release;
		};
/* End XCConfigurationList section */
	};
	rootObject = E7598A151AE62FF100ABD53B /* Project object */;
}
